// !$*UTF8*$!
{
	archiveVersion = 1;
	classes = {
	};
	objectVersion = 50;
	objects = {

/* Begin PBXFileReference section */
		6445DE10240787690060A324 /* ImpactFeedbackBridge.cpp */ = {isa = PBXFileReference; lastKnownFileType = sourcecode.cpp.cpp; path = ImpactFeedbackBridge.cpp; sourceTree = "<group>"; };
		6445DE11240787690060A324 /* ImpactFeedbackDarwinBridge.cpp */ = {isa = PBXFileReference; lastKnownFileType = sourcecode.cpp.cpp; path = ImpactFeedbackDarwinBridge.cpp; sourceTree = "<group>"; };
		6445DE12240787690060A324 /* ImpactFeedbackDarwinBridge.h */ = {isa = PBXFileReference; lastKnownFileType = sourcecode.c.h; path = ImpactFeedbackDarwinBridge.h; sourceTree = "<group>"; };
		6445DE13240787690060A324 /* ImpactFeedbackFunctionLibrary.cpp */ = {isa = PBXFileReference; lastKnownFileType = sourcecode.cpp.cpp; path = ImpactFeedbackFunctionLibrary.cpp; sourceTree = "<group>"; };
		6445DE152407876D0060A324 /* ImpactFeedbackFunctionLibrary.h */ = {isa = PBXFileReference; lastKnownFileType = sourcecode.c.h; path = ImpactFeedbackFunctionLibrary.h; sourceTree = "<group>"; };
		6445DE162407876D0060A324 /* ImpactFeedbackBridge.h */ = {isa = PBXFileReference; lastKnownFileType = sourcecode.c.h; path = ImpactFeedbackBridge.h; sourceTree = "<group>"; };
		6445DE1F24078E760060A324 /* Impact.png */ = {isa = PBXFileReference; lastKnownFileType = image.png; path = Impact.png; sourceTree = "<group>"; };
		6445DE2024078E760060A324 /* Selection.png */ = {isa = PBXFileReference; lastKnownFileType = image.png; path = Selection.png; sourceTree = "<group>"; };
		6445DE2124078E760060A324 /* HeavyImpact.png */ = {isa = PBXFileReference; lastKnownFileType = image.png; path = HeavyImpact.png; sourceTree = "<group>"; };
		6445DE2224078E760060A324 /* Notification.png */ = {isa = PBXFileReference; lastKnownFileType = image.png; path = Notification.png; sourceTree = "<group>"; };
		6445DE2324078E760060A324 /* LightImpact.png */ = {isa = PBXFileReference; lastKnownFileType = image.png; path = LightImpact.png; sourceTree = "<group>"; };
		6445DE2424078E760060A324 /* SuccessNotification.png */ = {isa = PBXFileReference; lastKnownFileType = image.png; path = SuccessNotification.png; sourceTree = "<group>"; };
		6445DE2524078E760060A324 /* ErrorNotification.png */ = {isa = PBXFileReference; lastKnownFileType = image.png; path = ErrorNotification.png; sourceTree = "<group>"; };
		6445DE2624078E760060A324 /* WarningNotification.png */ = {isa = PBXFileReference; lastKnownFileType = image.png; path = WarningNotification.png; sourceTree = "<group>"; };
		6445DE2724078E760060A324 /* MediumImpact.png */ = {isa = PBXFileReference; lastKnownFileType = image.png; path = MediumImpact.png; sourceTree = "<group>"; };
/* End PBXFileReference section */

/* Begin PBXGroup section */
		6445DE08240787550060A324 = {
			isa = PBXGroup;
			children = (
				6445DE2A24088A460060A324 /* ExampleProject */,
				6445DE1724078C560060A324 /* Images */,
				6445DE142407876D0060A324 /* Public */,
				6445DE0F240787690060A324 /* Private */,
			);
			sourceTree = "<group>";
		};
		6445DE0F240787690060A324 /* Private */ = {
			isa = PBXGroup;
			children = (
				6445DE10240787690060A324 /* ImpactFeedbackBridge.cpp */,
				6445DE11240787690060A324 /* ImpactFeedbackDarwinBridge.cpp */,
				6445DE12240787690060A324 /* ImpactFeedbackDarwinBridge.h */,
				6445DE13240787690060A324 /* ImpactFeedbackFunctionLibrary.cpp */,
			);
			path = Private;
			sourceTree = "<group>";
		};
		6445DE142407876D0060A324 /* Public */ = {
			isa = PBXGroup;
			children = (
				6445DE152407876D0060A324 /* ImpactFeedbackFunctionLibrary.h */,
				6445DE162407876D0060A324 /* ImpactFeedbackBridge.h */,
			);
			path = Public;
			sourceTree = "<group>";
		};
		6445DE1724078C560060A324 /* Images */ = {
			isa = PBXGroup;
			children = (
				6445DE2524078E760060A324 /* ErrorNotification.png */,
				6445DE2124078E760060A324 /* HeavyImpact.png */,
				6445DE1F24078E760060A324 /* Impact.png */,
				6445DE2324078E760060A324 /* LightImpact.png */,
				6445DE2724078E760060A324 /* MediumImpact.png */,
				6445DE2224078E760060A324 /* Notification.png */,
				6445DE2024078E760060A324 /* Selection.png */,
				6445DE2424078E760060A324 /* SuccessNotification.png */,
				6445DE2624078E760060A324 /* WarningNotification.png */,
			);
			path = Images;
			sourceTree = "<group>";
		};
		6445DE2A24088A460060A324 /* ExampleProject */ = {
			isa = PBXGroup;
			children = (
			);
			path = ExampleProject;
			sourceTree = "<group>";
		};
/* End PBXGroup section */

/* Begin PBXProject section */
		6445DE09240787550060A324 /* Project object */ = {
			isa = PBXProject;
			attributes = {
				LastUpgradeCheck = 1130;
			};
			buildConfigurationList = 6445DE0C240787550060A324 /* Build configuration list for PBXProject "ImpactFeedbackBlueprintVMBridge" */;
			compatibilityVersion = "Xcode 9.3";
			developmentRegion = en;
			hasScannedForEncodings = 0;
			knownRegions = (
				en,
				Base,
			);
			mainGroup = 6445DE08240787550060A324;
			projectDirPath = "";
			projectRoot = "";
			targets = (
			);
		};
/* End PBXProject section */

/* Begin XCBuildConfiguration section */
		6445DE0D240787550060A324 /* Debug */ = {
			isa = XCBuildConfiguration;
			buildSettings = {
			};
			name = Debug;
		};
		6445DE0E240787550060A324 /* Release */ = {
			isa = XCBuildConfiguration;
			buildSettings = {
			};
			name = Release;
		};
/* End XCBuildConfiguration section */

/* Begin XCConfigurationList section */
		6445DE0C240787550060A324 /* Build configuration list for PBXProject "ImpactFeedbackBlueprintVMBridge" */ = {
			isa = XCConfigurationList;
			buildConfigurations = (
				6445DE0D240787550060A324 /* Debug */,
				6445DE0E240787550060A324 /* Release */,
			);
			defaultConfigurationIsVisible = 0;
			defaultConfigurationName = Release;
		};
/* End XCConfigurationList section */
	};
	rootObject = 6445DE09240787550060A324 /* Project object */;
}
